
Microsoft Visual Studio Solution File, Format Version 12.00
# Visual Studio Version 17
VisualStudioVersion = 17.1.32421.90
MinimumVisualStudioVersion = 10.0.40219.1
Project("{FAE04EC0-301F-11D3-BF4B-00C04F79EFBC}") = "CardStorageService", "CardStorageService\CardStorageService.csproj", "{631072EC-2190-4EDD-B890-1D349683B47E}"
EndProject
Project("{FAE04EC0-301F-11D3-BF4B-00C04F79EFBC}") = "CardStorageService.Data", "CardStorageService.Data\CardStorageService.Data.csproj", "{43C3653F-EE01-4303-9EDD-246999113B20}"
EndProject
Global
	GlobalSection(SolutionConfigurationPlatforms) = preSolution
		Debug|Any CPU = Debug|Any CPU
		Release|Any CPU = Release|Any CPU
	EndGlobalSection
	GlobalSection(ProjectConfigurationPlatforms) = postSolution
		{631072EC-2190-4EDD-B890-1D349683B47E}.Debug|Any CPU.ActiveCfg = Debug|Any CPU
		{631072EC-2190-4EDD-B890-1D349683B47E}.Debug|Any CPU.Build.0 = Debug|Any CPU
		{631072EC-2190-4EDD-B890-1D349683B47E}.Release|Any CPU.ActiveCfg = Release|Any CPU
		{631072EC-2190-4EDD-B890-1D349683B47E}.Release|Any CPU.Build.0 = Release|Any CPU
		{43C3653F-EE01-4303-9EDD-246999113B20}.Debug|Any CPU.ActiveCfg = Debug|Any CPU
		{43C3653F-EE01-4303-9EDD-246999113B20}.Debug|Any CPU.Build.0 = Debug|Any CPU
		{43C3653F-EE01-4303-9EDD-246999113B20}.Release|Any CPU.ActiveCfg = Release|Any CPU
		{43C3653F-EE01-4303-9EDD-246999113B20}.Release|Any CPU.Build.0 = Release|Any CPU
	EndGlobalSection
	GlobalSection(SolutionProperties) = preSolution
		HideSolutionNode = FALSE
	EndGlobalSection
	GlobalSection(ExtensibilityGlobals) = postSolution
		SolutionGuid = {C3111E28-02AD-4DE2-81E6-BF21E7F3E1E9}
	EndGlobalSection
EndGlobal
